
Microsoft Visual Studio Solution File, Format Version 12.00
# Visual Studio 15
VisualStudioVersion = 15.0.27130.2036
MinimumVisualStudioVersion = 10.0.40219.1
Project("{FAE04EC0-301F-11D3-BF4B-00C04F79EFBC}") = "MoneyBank", "Money\MoneyBank.csproj", "{A9D751E1-4521-4A21-A0B8-AE345608A7C9}"
EndProject
Project("{FAE04EC0-301F-11D3-BF4B-00C04F79EFBC}") = "MoneyTest", "MoneyTest\MoneyTest.csproj", "{20A49DC4-7152-46FE-B19B-1FD155E8119E}"
EndProject
Global
	GlobalSection(SolutionConfigurationPlatforms) = preSolution
		Debug|Any CPU = Debug|Any CPU
		Release|Any CPU = Release|Any CPU
	EndGlobalSection
	GlobalSection(ProjectConfigurationPlatforms) = postSolution
		{A9D751E1-4521-4A21-A0B8-AE345608A7C9}.Debug|Any CPU.ActiveCfg = Debug|Any CPU
		{A9D751E1-4521-4A21-A0B8-AE345608A7C9}.Debug|Any CPU.Build.0 = Debug|Any CPU
		{A9D751E1-4521-4A21-A0B8-AE345608A7C9}.Release|Any CPU.ActiveCfg = Release|Any CPU
		{A9D751E1-4521-4A21-A0B8-AE345608A7C9}.Release|Any CPU.Build.0 = Release|Any CPU
		{20A49DC4-7152-46FE-B19B-1FD155E8119E}.Debug|Any CPU.ActiveCfg = Debug|Any CPU
		{20A49DC4-7152-46FE-B19B-1FD155E8119E}.Debug|Any CPU.Build.0 = Debug|Any CPU
		{20A49DC4-7152-46FE-B19B-1FD155E8119E}.Release|Any CPU.ActiveCfg = Release|Any CPU
		{20A49DC4-7152-46FE-B19B-1FD155E8119E}.Release|Any CPU.Build.0 = Release|Any CPU
	EndGlobalSection
	GlobalSection(SolutionProperties) = preSolution
		HideSolutionNode = FALSE
	EndGlobalSection
	GlobalSection(ExtensibilityGlobals) = postSolution
		SolutionGuid = {95C18DE2-6AC9-4395-AEA9-FFE4F8E904EB}
	EndGlobalSection
EndGlobal
